
Microsoft Visual Studio Solution File, Format Version 12.00
# Visual Studio Version 17
VisualStudioVersion = 17.0.32126.317
MinimumVisualStudioVersion = 10.0.40219.1
Project("{FAE04EC0-301F-11D3-BF4B-00C04F79EFBC}") = "SBSender", "ServiceBusExample\SBSender.csproj", "{6F397682-3CD5-499A-8467-554199630294}"
EndProject
Project("{FAE04EC0-301F-11D3-BF4B-00C04F79EFBC}") = "SBReciever", "SBReciever\SBReciever.csproj", "{80E0AA05-504B-449A-AAA6-8B67D2A509D3}"
EndProject
Project("{FAE04EC0-301F-11D3-BF4B-00C04F79EFBC}") = "SbHelper", "SbHelper\SbHelper.csproj", "{EB6309A4-379E-4E00-9CB0-6048C1C63643}"
EndProject
Global
	GlobalSection(SolutionConfigurationPlatforms) = preSolution
		Debug|Any CPU = Debug|Any CPU
		Release|Any CPU = Release|Any CPU
	EndGlobalSection
	GlobalSection(ProjectConfigurationPlatforms) = postSolution
		{6F397682-3CD5-499A-8467-554199630294}.Debug|Any CPU.ActiveCfg = Debug|Any CPU
		{6F397682-3CD5-499A-8467-554199630294}.Debug|Any CPU.Build.0 = Debug|Any CPU
		{6F397682-3CD5-499A-8467-554199630294}.Release|Any CPU.ActiveCfg = Release|Any CPU
		{6F397682-3CD5-499A-8467-554199630294}.Release|Any CPU.Build.0 = Release|Any CPU
		{80E0AA05-504B-449A-AAA6-8B67D2A509D3}.Debug|Any CPU.ActiveCfg = Debug|Any CPU
		{80E0AA05-504B-449A-AAA6-8B67D2A509D3}.Debug|Any CPU.Build.0 = Debug|Any CPU
		{80E0AA05-504B-449A-AAA6-8B67D2A509D3}.Release|Any CPU.ActiveCfg = Release|Any CPU
		{80E0AA05-504B-449A-AAA6-8B67D2A509D3}.Release|Any CPU.Build.0 = Release|Any CPU
		{EB6309A4-379E-4E00-9CB0-6048C1C63643}.Debug|Any CPU.ActiveCfg = Debug|Any CPU
		{EB6309A4-379E-4E00-9CB0-6048C1C63643}.Debug|Any CPU.Build.0 = Debug|Any CPU
		{EB6309A4-379E-4E00-9CB0-6048C1C63643}.Release|Any CPU.ActiveCfg = Release|Any CPU
		{EB6309A4-379E-4E00-9CB0-6048C1C63643}.Release|Any CPU.Build.0 = Release|Any CPU
	EndGlobalSection
	GlobalSection(SolutionProperties) = preSolution
		HideSolutionNode = FALSE
	EndGlobalSection
	GlobalSection(ExtensibilityGlobals) = postSolution
		SolutionGuid = {D8225921-BD1D-4520-9520-98CD041B8893}
	EndGlobalSection
EndGlobal
