
Microsoft Visual Studio Solution File, Format Version 12.00
# Visual Studio Version 16
VisualStudioVersion = 16.0.31105.61
MinimumVisualStudioVersion = 10.0.40219.1
Project("{FAE04EC0-301F-11D3-BF4B-00C04F79EFBC}") = "DateTimeBenchmark", "DateTimeBenchmark\DateTimeBenchmark.csproj", "{F050A3B5-F1DC-46A0-901B-A4BEFA2384A0}"
EndProject
Global
	GlobalSection(SolutionConfigurationPlatforms) = preSolution
		Debug|Any CPU = Debug|Any CPU
		Release|Any CPU = Release|Any CPU
	EndGlobalSection
	GlobalSection(ProjectConfigurationPlatforms) = postSolution
		{F050A3B5-F1DC-46A0-901B-A4BEFA2384A0}.Debug|Any CPU.ActiveCfg = Debug|Any CPU
		{F050A3B5-F1DC-46A0-901B-A4BEFA2384A0}.Debug|Any CPU.Build.0 = Debug|Any CPU
		{F050A3B5-F1DC-46A0-901B-A4BEFA2384A0}.Release|Any CPU.ActiveCfg = Release|Any CPU
		{F050A3B5-F1DC-46A0-901B-A4BEFA2384A0}.Release|Any CPU.Build.0 = Release|Any CPU
	EndGlobalSection
	GlobalSection(SolutionProperties) = preSolution
		HideSolutionNode = FALSE
	EndGlobalSection
	GlobalSection(ExtensibilityGlobals) = postSolution
		SolutionGuid = {E49D4B32-5511-4680-9A2A-73972C71A9D9}
	EndGlobalSection
EndGlobal
